{
  "version": "2",
  "remote": {
    "https://deno.land/std@0.159.0/async/abortable.ts": "87aa7230be8360c24ad437212311c9e8d4328854baec27b4c7abb26e85515c06",
    "https://deno.land/std@0.159.0/async/deadline.ts": "48ac998d7564969f3e6ec6b6f9bf0217ebd00239b1b2292feba61272d5dd58d0",
    "https://deno.land/std@0.159.0/async/debounce.ts": "de5433bff08a2bb61416fc53b3bd2d5867090c8a815465e5b4a10a77495b1051",
    "https://deno.land/std@0.159.0/async/deferred.ts": "c01de44b9192359cebd3fe93273fcebf9e95110bf3360023917da9a2d1489fae",
    "https://deno.land/std@0.159.0/async/delay.ts": "0419dfc993752849692d1f9647edf13407c7facc3509b099381be99ffbc9d699",
    "https://deno.land/std@0.159.0/async/mod.ts": "dd0a8ed4f3984ffabe2fcca7c9f466b7932d57b1864ffee148a5d5388316db6b",
    "https://deno.land/std@0.159.0/async/mux_async_iterator.ts": "3447b28a2a582224a3d4d3596bccbba6e85040da3b97ed64012f7decce98d093",
    "https://deno.land/std@0.159.0/async/pool.ts": "ef9eb97b388543acbf0ac32647121e4dbe629236899586c4d4311a8770fbb239",
    "https://deno.land/std@0.159.0/async/tee.ts": "d27680d911816fcb3d231e16d690e7588079e66a9b2e5ce8cc354db94fdce95f",
    "https://deno.land/std@0.159.0/http/server.ts": "e99c1bee8a3f6571ee4cdeb2966efad465b8f6fe62bec1bdb59c1f007cc4d155"
  },
  "npm": {
    "specifiers": {
      "@collected/press-server": "@collected/press-server@0.3.2",
      "@collected/press-server@^0.3.2": "@collected/press-server@0.3.2"
    },
    "packages": {
      "@collected/press-server@0.3.2": {
        "integrity": "sha512-J6i/5aaWxuJsv/g9UKqPA34/7B00/GzmcZHoKOjAuyozbJYUpQpAa8IEcoytPPxqnBMwLey8YapwJ3Mfld/jQQ==",
        "dependencies": {
          "date-fns": "date-fns@2.29.3",
          "itsybitsy": "itsybitsy@0.1.1",
          "markdown-it": "markdown-it@13.0.1",
          "markdown-it-front-matter": "markdown-it-front-matter@0.2.3",
          "markdown-it-highlightjs": "markdown-it-highlightjs@3.6.0",
          "markdown-it-task-lists": "markdown-it-task-lists@2.1.1",
          "mrmime": "mrmime@1.0.1",
          "vhtml": "vhtml@2.2.0",
          "yaml": "yaml@2.2.1",
          "yieldparser": "yieldparser@0.3.0"
        }
      },
      "argparse@2.0.1": {
        "integrity": "sha512-8+9WqebbFzpX9OR+Wa6O29asIogeRMzcGtAINdpMHHyAg10f05aSFVBbcEqGf/PXw1EjAZ+q2/bEBg3DvurK3Q==",
        "dependencies": {}
      },
      "date-fns@2.29.3": {
        "integrity": "sha512-dDCnyH2WnnKusqvZZ6+jA1O51Ibt8ZMRNkDZdyAyK4YfbDwa/cEmuztzG5pk6hqlp9aSBPYcjOlktquahGwGeA==",
        "dependencies": {}
      },
      "entities@3.0.1": {
        "integrity": "sha512-WiyBqoomrwMdFG1e0kqvASYfnlb0lp8M5o5Fw2OFq1hNZxxcNk8Ik0Xm7LxzBhuidnZB/UtBqVCgUz3kBOP51Q==",
        "dependencies": {}
      },
      "highlight.js@11.7.0": {
        "integrity": "sha512-1rRqesRFhMO/PRF+G86evnyJkCgaZFOI+Z6kdj15TA18funfoqJXvgPCLSf0SWq3SRfg1j3HlDs8o4s3EGq1oQ==",
        "dependencies": {}
      },
      "itsybitsy@0.1.1": {
        "integrity": "sha512-0UWY1GMxYN6GVEiIBKmjiWy/bfF4zsEzs8vvi6aJ0Ciq96LwmogEQGvXZ+qGC57UEjf+GVxH1o2fElVrzRTXcA==",
        "dependencies": {}
      },
      "linkify-it@4.0.1": {
        "integrity": "sha512-C7bfi1UZmoj8+PQx22XyeXCuBlokoyWQL5pWSP+EI6nzRylyThouddufc2c1NDIcP9k5agmN9fLpA7VNJfIiqw==",
        "dependencies": {
          "uc.micro": "uc.micro@1.0.6"
        }
      },
      "lodash.flow@3.5.0": {
        "integrity": "sha512-ff3BX/tSioo+XojX4MOsOMhJw0nZoUEF011LX8g8d3gvjVbxd89cCio4BCXronjxcTUIJUoqKEUA+n4CqvvRPw==",
        "dependencies": {}
      },
      "markdown-it-front-matter@0.2.3": {
        "integrity": "sha512-s9+rcClLmZsZc3YL8Awjg/YO/VdphlE20LJ9Bx5a8RAFLI5a1vq6Mll8kOzG6w/wy8yhFLBupaa6Mfd60GATkA==",
        "dependencies": {}
      },
      "markdown-it-highlightjs@3.6.0": {
        "integrity": "sha512-ex+Lq3cVkprh0GpGwFyc53A/rqY6GGzopPCG1xMsf8Ya3XtGC8Uw9tChN1rWbpyDae7tBBhVHVcMM29h4Btamw==",
        "dependencies": {
          "highlight.js": "highlight.js@11.7.0",
          "lodash.flow": "lodash.flow@3.5.0"
        }
      },
      "markdown-it-task-lists@2.1.1": {
        "integrity": "sha512-TxFAc76Jnhb2OUu+n3yz9RMu4CwGfaT788br6HhEDlvWfdeJcLUsxk1Hgw2yJio0OXsxv7pyIPmvECY7bMbluA==",
        "dependencies": {}
      },
      "markdown-it@13.0.1": {
        "integrity": "sha512-lTlxriVoy2criHP0JKRhO2VDG9c2ypWCsT237eDiLqi09rmbKoUetyGHq2uOIRoRS//kfoJckS0eUzzkDR+k2Q==",
        "dependencies": {
          "argparse": "argparse@2.0.1",
          "entities": "entities@3.0.1",
          "linkify-it": "linkify-it@4.0.1",
          "mdurl": "mdurl@1.0.1",
          "uc.micro": "uc.micro@1.0.6"
        }
      },
      "mdurl@1.0.1": {
        "integrity": "sha512-/sKlQJCBYVY9Ers9hqzKou4H6V5UWc/M59TH2dvkt+84itfnq7uFOMLpOiOS4ujvHP4etln18fmIxA5R5fll0g==",
        "dependencies": {}
      },
      "mrmime@1.0.1": {
        "integrity": "sha512-hzzEagAgDyoU1Q6yg5uI+AorQgdvMCur3FcKf7NhMKWsaYg+RnbTyHRa/9IlLF9rf455MOCtcqqrQQ83pPP7Uw==",
        "dependencies": {}
      },
      "uc.micro@1.0.6": {
        "integrity": "sha512-8Y75pvTYkLJW2hWQHXxoqRgV7qb9B+9vFEtidML+7koHUFapnVJAZ6cKs+Qjz5Aw3aZWHMC6u0wJE3At+nSGwA==",
        "dependencies": {}
      },
      "vhtml@2.2.0": {
        "integrity": "sha512-TPXrXrxBOslRUVnlVkiAqhoXneiertIg86bdvzionrUYhEuiROvyPZNiiP6GIIJ2Q7oPNVyEtIx8gMAZZE9lCQ==",
        "dependencies": {}
      },
      "yaml@2.2.1": {
        "integrity": "sha512-e0WHiYql7+9wr4cWMx3TVQrNwejKaEe7/rHNmQmqRjazfOP5W8PB6Jpebb5o6fIapbz9o9+2ipcaTM2ZwDI6lw==",
        "dependencies": {}
      },
      "yieldparser@0.3.0": {
        "integrity": "sha512-ccn1ZrslJBhSYUMIA60Zo7izE0tghPui8cCG6jkke63Dc7O4/xo7uA1EnvpJfLpXsRrHeCBoAN9NZglV6icjEQ==",
        "dependencies": {}
      }
    }
  }
}
